
Microsoft Visual Studio Solution File, Format Version 12.00
# Visual Studio 15
VisualStudioVersion = 15.0.28307.1209
MinimumVisualStudioVersion = 10.0.40219.1
Project("{FAE04EC0-301F-11D3-BF4B-00C04F79EFBC}") = "SeleniumDemo", "SeleniumDemo.csproj", "{AADFD39A-A9F6-448D-9205-83B9F809D78D}"
EndProject
Project("{FAE04EC0-301F-11D3-BF4B-00C04F79EFBC}") = "Pong", "..\Pong\Pong.csproj", "{7E3CD31A-4AA6-4A77-8DE4-DBA67629A36B}"
EndProject
Global
	GlobalSection(SolutionConfigurationPlatforms) = preSolution
		Debug|Any CPU = Debug|Any CPU
		Release|Any CPU = Release|Any CPU
	EndGlobalSection
	GlobalSection(ProjectConfigurationPlatforms) = postSolution
		{AADFD39A-A9F6-448D-9205-83B9F809D78D}.Debug|Any CPU.ActiveCfg = Debug|Any CPU
		{AADFD39A-A9F6-448D-9205-83B9F809D78D}.Debug|Any CPU.Build.0 = Debug|Any CPU
		{AADFD39A-A9F6-448D-9205-83B9F809D78D}.Release|Any CPU.ActiveCfg = Release|Any CPU
		{AADFD39A-A9F6-448D-9205-83B9F809D78D}.Release|Any CPU.Build.0 = Release|Any CPU
		{7E3CD31A-4AA6-4A77-8DE4-DBA67629A36B}.Debug|Any CPU.ActiveCfg = Debug|Any CPU
		{7E3CD31A-4AA6-4A77-8DE4-DBA67629A36B}.Debug|Any CPU.Build.0 = Debug|Any CPU
		{7E3CD31A-4AA6-4A77-8DE4-DBA67629A36B}.Release|Any CPU.ActiveCfg = Release|Any CPU
		{7E3CD31A-4AA6-4A77-8DE4-DBA67629A36B}.Release|Any CPU.Build.0 = Release|Any CPU
	EndGlobalSection
	GlobalSection(SolutionProperties) = preSolution
		HideSolutionNode = FALSE
	EndGlobalSection
	GlobalSection(ExtensibilityGlobals) = postSolution
		SolutionGuid = {5F647EA0-BC52-4FCA-BD8B-DB22D4CCE23A}
	EndGlobalSection
EndGlobal
